
Microsoft Visual Studio Solution File, Format Version 12.00
# Visual Studio Version 16
VisualStudioVersion = 16.0.32510.428
MinimumVisualStudioVersion = 10.0.40219.1
Project("{FAE04EC0-301F-11D3-BF4B-00C04F79EFBC}") = "HW5_Final_u20494000", "HW5_Final_u20494000\HW5_Final_u20494000.csproj", "{15797F57-77C5-4C00-A5EF-C0B321FDF136}"
EndProject
Global
	GlobalSection(SolutionConfigurationPlatforms) = preSolution
		Debug|Any CPU = Debug|Any CPU
		Release|Any CPU = Release|Any CPU
	EndGlobalSection
	GlobalSection(ProjectConfigurationPlatforms) = postSolution
		{15797F57-77C5-4C00-A5EF-C0B321FDF136}.Debug|Any CPU.ActiveCfg = Debug|Any CPU
		{15797F57-77C5-4C00-A5EF-C0B321FDF136}.Debug|Any CPU.Build.0 = Debug|Any CPU
		{15797F57-77C5-4C00-A5EF-C0B321FDF136}.Release|Any CPU.ActiveCfg = Release|Any CPU
		{15797F57-77C5-4C00-A5EF-C0B321FDF136}.Release|Any CPU.Build.0 = Release|Any CPU
	EndGlobalSection
	GlobalSection(SolutionProperties) = preSolution
		HideSolutionNode = FALSE
	EndGlobalSection
	GlobalSection(ExtensibilityGlobals) = postSolution
		SolutionGuid = {92C5134D-5CFB-4463-BAEB-435C7050B0F7}
	EndGlobalSection
EndGlobal
